Microsoft Visual Studio Solution File, Format Version 10.00
# Visual Studio 2008

Project("{E611784E-693D-9F12-ADED-BC3707AA4607}") = "baseJumpNYC", "Assembly-UnityScript.unityproj", "{1F79FE9B-BB55-CB8F-BE2B-6535AF2FF6EC}"
EndProject
Global
	GlobalSection(SolutionConfigurationPlatforms) = preSolution
		Debug|Any CPU = Debug|Any CPU
		Release|Any CPU = Release|Any CPU
	EndGlobalSection
	GlobalSection(ProjectConfigurationPlatforms) = postSolution
		{1F79FE9B-BB55-CB8F-BE2B-6535AF2FF6EC}.Debug|Any CPU.ActiveCfg = Debug|Any CPU
		{1F79FE9B-BB55-CB8F-BE2B-6535AF2FF6EC}.Debug|Any CPU.Build.0 = Debug|Any CPU
		{1F79FE9B-BB55-CB8F-BE2B-6535AF2FF6EC}.Release|Any CPU.ActiveCfg = Release|Any CPU
		{1F79FE9B-BB55-CB8F-BE2B-6535AF2FF6EC}.Release|Any CPU.Build.0 = Release|Any CPU
	EndGlobalSection
	GlobalSection(SolutionProperties) = preSolution
		HideSolutionNode = FALSE
	EndGlobalSection
	
EndGlobal
